
Microsoft Visual Studio Solution File, Format Version 12.00
# Visual Studio Version 16
VisualStudioVersion = 16.0.29230.47
MinimumVisualStudioVersion = 10.0.40219.1
Project("{FAE04EC0-301F-11D3-BF4B-00C04F79EFBC}") = "Uppgift 1", "Uppgift 1\Uppgift 1.csproj", "{06BA06F5-3E8F-42F4-896F-9C2445FAC259}"
EndProject
Project("{FAE04EC0-301F-11D3-BF4B-00C04F79EFBC}") = "Uppgift 2", "Uppgift 2\Uppgift 2.csproj", "{5A00EB5C-AE21-41D6-976D-008BCC4614D2}"
EndProject
Global
	GlobalSection(SolutionConfigurationPlatforms) = preSolution
		Debug|Any CPU = Debug|Any CPU
		Release|Any CPU = Release|Any CPU
	EndGlobalSection
	GlobalSection(ProjectConfigurationPlatforms) = postSolution
		{06BA06F5-3E8F-42F4-896F-9C2445FAC259}.Debug|Any CPU.ActiveCfg = Debug|Any CPU
		{06BA06F5-3E8F-42F4-896F-9C2445FAC259}.Debug|Any CPU.Build.0 = Debug|Any CPU
		{06BA06F5-3E8F-42F4-896F-9C2445FAC259}.Release|Any CPU.ActiveCfg = Release|Any CPU
		{06BA06F5-3E8F-42F4-896F-9C2445FAC259}.Release|Any CPU.Build.0 = Release|Any CPU
		{5A00EB5C-AE21-41D6-976D-008BCC4614D2}.Debug|Any CPU.ActiveCfg = Debug|Any CPU
		{5A00EB5C-AE21-41D6-976D-008BCC4614D2}.Debug|Any CPU.Build.0 = Debug|Any CPU
		{5A00EB5C-AE21-41D6-976D-008BCC4614D2}.Release|Any CPU.ActiveCfg = Release|Any CPU
		{5A00EB5C-AE21-41D6-976D-008BCC4614D2}.Release|Any CPU.Build.0 = Release|Any CPU
	EndGlobalSection
	GlobalSection(SolutionProperties) = preSolution
		HideSolutionNode = FALSE
	EndGlobalSection
	GlobalSection(ExtensibilityGlobals) = postSolution
		SolutionGuid = {8C4A601D-AE57-4E06-92A2-F88C3F8B53F3}
	EndGlobalSection
EndGlobal
